Microsoft Visual Studio Solution File, Format Version 12.00
# Visual Studio Version 17
VisualStudioVersion = 17.5.2.0
MinimumVisualStudioVersion = 10.0.40219.1
Project("{FAE04EC0-301F-11D3-BF4B-00C04F79EFBC}") = "No2SQL", "No2SQL\No2SQL.csproj", "{34D3E182-F77F-115A-4C72-68E07331EBF6}"
EndProject
Global
	GlobalSection(SolutionConfigurationPlatforms) = preSolution
		Debug|Any CPU = Debug|Any CPU
		Release|Any CPU = Release|Any CPU
	EndGlobalSection
	GlobalSection(ProjectConfigurationPlatforms) = postSolution
		{34D3E182-F77F-115A-4C72-68E07331EBF6}.Debug|Any CPU.ActiveCfg = Debug|Any CPU
		{34D3E182-F77F-115A-4C72-68E07331EBF6}.Debug|Any CPU.Build.0 = Debug|Any CPU
		{34D3E182-F77F-115A-4C72-68E07331EBF6}.Release|Any CPU.ActiveCfg = Release|Any CPU
		{34D3E182-F77F-115A-4C72-68E07331EBF6}.Release|Any CPU.Build.0 = Release|Any CPU
	EndGlobalSection
	GlobalSection(SolutionProperties) = preSolution
		HideSolutionNode = FALSE
	EndGlobalSection
	GlobalSection(ExtensibilityGlobals) = postSolution
		SolutionGuid = {362CE848-AD5A-449F-BFE3-C6A9310121B1}
	EndGlobalSection
EndGlobal
