
Microsoft Visual Studio Solution File, Format Version 12.00
# Visual Studio Version 17
VisualStudioVersion = 17.5.2.0
MinimumVisualStudioVersion = 10.0.40219.1
Project("{FAE04EC0-301F-11D3-BF4B-00C04F79EFBC}") = "No2SQL", "No2SQL\No2SQL.csproj", "{34D3E182-F77F-115A-4C72-68E07331EBF6}"
EndProject
Project("{FAE04EC0-301F-11D3-BF4B-00C04F79EFBC}") = "No2SQL.Core", "No2SQL.Core\No2SQL.Core.csproj", "{9F9D71AD-744B-407F-A49E-D05F89F22A0F}"
EndProject
Project("{FAE04EC0-301F-11D3-BF4B-00C04F79EFBC}") = "No2SQL.Sql", "No2SQL.Sql\No2SQL.Sql.csproj", "{E9B93D56-A9AF-4D1D-88C1-79E692CF8465}"
EndProject
Project("{FAE04EC0-301F-11D3-BF4B-00C04F79EFBC}") = "No2SQL.Visuals", "No2SQL.Visuals\No2SQL.Visuals.csproj", "{A9D07CDD-AEC2-4CC7-8078-1B8DD0C7E349}"
EndProject
Global
	GlobalSection(SolutionConfigurationPlatforms) = preSolution
		Debug|Any CPU = Debug|Any CPU
		Debug|x64 = Debug|x64
		Debug|x86 = Debug|x86
		Release|Any CPU = Release|Any CPU
		Release|x64 = Release|x64
		Release|x86 = Release|x86
	EndGlobalSection
	GlobalSection(ProjectConfigurationPlatforms) = postSolution
		{34D3E182-F77F-115A-4C72-68E07331EBF6}.Debug|Any CPU.ActiveCfg = Debug|Any CPU
		{34D3E182-F77F-115A-4C72-68E07331EBF6}.Debug|Any CPU.Build.0 = Debug|Any CPU
		{34D3E182-F77F-115A-4C72-68E07331EBF6}.Debug|x64.ActiveCfg = Debug|Any CPU
		{34D3E182-F77F-115A-4C72-68E07331EBF6}.Debug|x64.Build.0 = Debug|Any CPU
		{34D3E182-F77F-115A-4C72-68E07331EBF6}.Debug|x86.ActiveCfg = Debug|Any CPU
		{34D3E182-F77F-115A-4C72-68E07331EBF6}.Debug|x86.Build.0 = Debug|Any CPU
		{34D3E182-F77F-115A-4C72-68E07331EBF6}.Release|Any CPU.ActiveCfg = Release|Any CPU
		{34D3E182-F77F-115A-4C72-68E07331EBF6}.Release|Any CPU.Build.0 = Release|Any CPU
		{34D3E182-F77F-115A-4C72-68E07331EBF6}.Release|x64.ActiveCfg = Release|Any CPU
		{34D3E182-F77F-115A-4C72-68E07331EBF6}.Release|x64.Build.0 = Release|Any CPU
		{34D3E182-F77F-115A-4C72-68E07331EBF6}.Release|x86.ActiveCfg = Release|Any CPU
		{34D3E182-F77F-115A-4C72-68E07331EBF6}.Release|x86.Build.0 = Release|Any CPU
		{9F9D71AD-744B-407F-A49E-D05F89F22A0F}.Debug|Any CPU.ActiveCfg = Debug|Any CPU
		{9F9D71AD-744B-407F-A49E-D05F89F22A0F}.Debug|Any CPU.Build.0 = Debug|Any CPU
		{9F9D71AD-744B-407F-A49E-D05F89F22A0F}.Debug|x64.ActiveCfg = Debug|Any CPU
		{9F9D71AD-744B-407F-A49E-D05F89F22A0F}.Debug|x64.Build.0 = Debug|Any CPU
		{9F9D71AD-744B-407F-A49E-D05F89F22A0F}.Debug|x86.ActiveCfg = Debug|Any CPU
		{9F9D71AD-744B-407F-A49E-D05F89F22A0F}.Debug|x86.Build.0 = Debug|Any CPU
		{9F9D71AD-744B-407F-A49E-D05F89F22A0F}.Release|Any CPU.ActiveCfg = Release|Any CPU
		{9F9D71AD-744B-407F-A49E-D05F89F22A0F}.Release|Any CPU.Build.0 = Release|Any CPU
		{9F9D71AD-744B-407F-A49E-D05F89F22A0F}.Release|x64.ActiveCfg = Release|Any CPU
		{9F9D71AD-744B-407F-A49E-D05F89F22A0F}.Release|x64.Build.0 = Release|Any CPU
		{9F9D71AD-744B-407F-A49E-D05F89F22A0F}.Release|x86.ActiveCfg = Release|Any CPU
		{9F9D71AD-744B-407F-A49E-D05F89F22A0F}.Release|x86.Build.0 = Release|Any CPU
		{E9B93D56-A9AF-4D1D-88C1-79E692CF8465}.Debug|Any CPU.ActiveCfg = Debug|Any CPU
		{E9B93D56-A9AF-4D1D-88C1-79E692CF8465}.Debug|Any CPU.Build.0 = Debug|Any CPU
		{E9B93D56-A9AF-4D1D-88C1-79E692CF8465}.Debug|x64.ActiveCfg = Debug|Any CPU
		{E9B93D56-A9AF-4D1D-88C1-79E692CF8465}.Debug|x64.Build.0 = Debug|Any CPU
		{E9B93D56-A9AF-4D1D-88C1-79E692CF8465}.Debug|x86.ActiveCfg = Debug|Any CPU
		{E9B93D56-A9AF-4D1D-88C1-79E692CF8465}.Debug|x86.Build.0 = Debug|Any CPU
		{E9B93D56-A9AF-4D1D-88C1-79E692CF8465}.Release|Any CPU.ActiveCfg = Release|Any CPU
		{E9B93D56-A9AF-4D1D-88C1-79E692CF8465}.Release|Any CPU.Build.0 = Release|Any CPU
		{E9B93D56-A9AF-4D1D-88C1-79E692CF8465}.Release|x64.ActiveCfg = Release|Any CPU
		{E9B93D56-A9AF-4D1D-88C1-79E692CF8465}.Release|x64.Build.0 = Release|Any CPU
		{E9B93D56-A9AF-4D1D-88C1-79E692CF8465}.Release|x86.ActiveCfg = Release|Any CPU
		{E9B93D56-A9AF-4D1D-88C1-79E692CF8465}.Release|x86.Build.0 = Release|Any CPU
		{A9D07CDD-AEC2-4CC7-8078-1B8DD0C7E349}.Debug|Any CPU.ActiveCfg = Debug|Any CPU
		{A9D07CDD-AEC2-4CC7-8078-1B8DD0C7E349}.Debug|Any CPU.Build.0 = Debug|Any CPU
		{A9D07CDD-AEC2-4CC7-8078-1B8DD0C7E349}.Debug|x64.ActiveCfg = Debug|Any CPU
		{A9D07CDD-AEC2-4CC7-8078-1B8DD0C7E349}.Debug|x64.Build.0 = Debug|Any CPU
		{A9D07CDD-AEC2-4CC7-8078-1B8DD0C7E349}.Debug|x86.ActiveCfg = Debug|Any CPU
		{A9D07CDD-AEC2-4CC7-8078-1B8DD0C7E349}.Debug|x86.Build.0 = Debug|Any CPU
		{A9D07CDD-AEC2-4CC7-8078-1B8DD0C7E349}.Release|Any CPU.ActiveCfg = Release|Any CPU
		{A9D07CDD-AEC2-4CC7-8078-1B8DD0C7E349}.Release|Any CPU.Build.0 = Release|Any CPU
		{A9D07CDD-AEC2-4CC7-8078-1B8DD0C7E349}.Release|x64.ActiveCfg = Release|Any CPU
		{A9D07CDD-AEC2-4CC7-8078-1B8DD0C7E349}.Release|x64.Build.0 = Release|Any CPU
		{A9D07CDD-AEC2-4CC7-8078-1B8DD0C7E349}.Release|x86.ActiveCfg = Release|Any CPU
		{A9D07CDD-AEC2-4CC7-8078-1B8DD0C7E349}.Release|x86.Build.0 = Release|Any CPU
	EndGlobalSection
	GlobalSection(SolutionProperties) = preSolution
		HideSolutionNode = FALSE
	EndGlobalSection
	GlobalSection(ExtensibilityGlobals) = postSolution
		SolutionGuid = {362CE848-AD5A-449F-BFE3-C6A9310121B1}
	EndGlobalSection
EndGlobal
